PODS:
  - GradientLoadingBar (1.1.17):
    - LightweightObservable (~> 1.0)
  - LightweightObservable (1.0.2)
  - SwiftFormat/CLI (0.40.11)
  - SwiftLint (0.34.0)

DEPENDENCIES:
  - GradientLoadingBar (from `../`)
  - SwiftFormat/CLI
  - SwiftLint

SPEC REPOS:
  https://github.com/cocoapods/specs.git:
    - LightweightObservable
    - SwiftFormat
    - SwiftLint

EXTERNAL SOURCES:
  GradientLoadingBar:
    :path: "../"

SPEC CHECKSUMS:
  GradientLoadingBar: 32715d35fe4b72f8142876610dec2c651ab47775
  LightweightObservable: c79535332c3f94b38b6b39301824fc5e6e688265
  SwiftFormat: 304f39cab266d39c9d60f4fceec37ed6f43b931c
  SwiftLint: 79d48a17c6565dc286c37efb8322c7b450f95c67

PODFILE CHECKSUM: 9a1a2f86c7b31d66ba4113a2176ea0299f2e507c

COCOAPODS: 1.7.5
