PODS:
  - GradientLoadingBar (2.0.2):
    - LightweightObservable (~> 2.0)
  - LightweightObservable (2.0.0)
  - SnapshotTesting (1.7.0)
  - SwiftFormat/CLI (0.43.0)
  - SwiftLint (0.38.0)

DEPENDENCIES:
  - GradientLoadingBar (from `../`)
  - SnapshotTesting (~> 1.6)
  - SwiftFormat/CLI (~> 0.40)
  - SwiftLint (~> 0.36)

SPEC REPOS:
  trunk:
    - LightweightObservable
    - SnapshotTesting
    - SwiftFormat
    - SwiftLint

EXTERNAL SOURCES:
  GradientLoadingBar:
    :path: "../"

SPEC CHECKSUMS:
  GradientLoadingBar: 8ecde9e0ffe13cbbcd76c1d971077dbdc51d0e10
  LightweightObservable: f0c032384379a17cb048b861e33de8209155d7be
  SnapshotTesting: 273b614fcc60fac7d9f613f6648afa91a7da36be
  SwiftFormat: 2f5705a6e9f4791004478d939722b6803b77fc5a
  SwiftLint: 4105f061f9812b214568b736dab580ab2c73a582

PODFILE CHECKSUM: f56a08d884831d712155be32578b7364270d0af0

COCOAPODS: 1.8.4
