{
  "originHash" : "cd46070e263d7e82daf5f75f4108c00524efe8575ebbee341d96606f2eb9210b",
  "pins" : [
    {
      "identity" : "swift-custom-dump",
      "kind" : "remoteSourceControl",
      "location" : "https://github.com/pointfreeco/swift-custom-dump",
      "state" : {
        "revision" : "93a8aa4937030b606de42f44b17870249f49af0b",
        "version" : "1.3.4"
      }
    },
    {
      "identity" : "swift-snapshot-testing",
      "kind" : "remoteSourceControl",
      "location" : "https://github.com/pointfreeco/swift-snapshot-testing",
      "state" : {
        "revision" : "a8b7c5e0ed33d8ab8887d1654d9b59f2cbad529b",
        "version" : "1.18.7"
      }
    },
    {
      "identity" : "swift-syntax",
      "kind" : "remoteSourceControl",
      "location" : "https://github.com/swiftlang/swift-syntax",
      "state" : {
        "revision" : "4799286537280063c85a32f09884cfbca301b1a1",
        "version" : "602.0.0"
      }
    },
    {
      "identity" : "xctest-dynamic-overlay",
      "kind" : "remoteSourceControl",
      "location" : "https://github.com/pointfreeco/xctest-dynamic-overlay",
      "state" : {
        "revision" : "34e463e98ab8541c604af706c99bed7160f5ec70",
        "version" : "1.8.1"
      }
    }
  ],
  "version" : 3
}
