{
  "object": {
    "pins": [
      {
        "package": "LightweightObservable",
        "repositoryURL": "https://github.com/fxm90/LightweightObservable",
        "state": {
          "branch": null,
          "revision": "b689038f3dcb2564d2bc6c4f710765776d5b9356",
          "version": "2.0.0"
        }
      }
    ]
  },
  "version": 1
}
