// !$*UTF8*$!
{
	archiveVersion = 1;
	classes = {
	};
	objectVersion = 46;
	objects = {

/* Begin PBXBuildFile section */
		397E9F2412E802485B755A87 /* Pods_GradientLoadingBar_SnapshotTests.framework in Frameworks */ = {isa = PBXBuildFile; fileRef = ABA9B1EF5F3928BA6E31D3EA /* Pods_GradientLoadingBar_SnapshotTests.framework */; };
		607FACD61AFB9204008FA782 /* AppDelegate.swift in Sources */ = {isa = PBXBuildFile; fileRef = 607FACD51AFB9204008FA782 /* AppDelegate.swift */; };
		607FACD81AFB9204008FA782 /* BasicExampleViewController.swift in Sources */ = {isa = PBXBuildFile; fileRef = 607FACD71AFB9204008FA782 /* BasicExampleViewController.swift */; };
		607FACDB1AFB9204008FA782 /* Main.storyboard in Resources */ = {isa = PBXBuildFile; fileRef = 607FACD91AFB9204008FA782 /* Main.storyboard */; };
		607FACE01AFB9204008FA782 /* LaunchScreen.xib in Resources */ = {isa = PBXBuildFile; fileRef = 607FACDE1AFB9204008FA782 /* LaunchScreen.xib */; };
		640E8AC0231457620008C5A6 /* GradientActivityIndicatorViewModelTestCase.swift in Sources */ = {isa = PBXBuildFile; fileRef = 640E8ABF231457620008C5A6 /* GradientActivityIndicatorViewModelTestCase.swift */; };
		6430C3A32338F1CA001F4A33 /* LargeNavigationBarHeaderView.swift in Sources */ = {isa = PBXBuildFile; fileRef = 6430C3A22338F1CA001F4A33 /* LargeNavigationBarHeaderView.swift */; };
		649A163C23770B4400404F3C /* DefaultColorSnapshotTestCase.swift in Sources */ = {isa = PBXBuildFile; fileRef = 649A163B23770B4400404F3C /* DefaultColorSnapshotTestCase.swift */; };
		649A164423770E9300404F3C /* CustomColorSnapshotTestCase.swift in Sources */ = {isa = PBXBuildFile; fileRef = 649A164323770E9300404F3C /* CustomColorSnapshotTestCase.swift */; };
		64C596EC2351D80000A6CC97 /* InterfaceBuilderExampleViewController.swift in Sources */ = {isa = PBXBuildFile; fileRef = 64C596EB2351D7FF00A6CC97 /* InterfaceBuilderExampleViewController.swift */; };
		64E0F5BF2211B7D20066D00D /* GradientLoadingBarViewModelTestCase.swift in Sources */ = {isa = PBXBuildFile; fileRef = 64E0F5BB2211B7D20066D00D /* GradientLoadingBarViewModelTestCase.swift */; };
		64E7F4252293E16B00BE5095 /* GradientActivityIndicatorView+AnimateIsHiddenTestCase.swift in Sources */ = {isa = PBXBuildFile; fileRef = 64E7F4242293E16B00BE5095 /* GradientActivityIndicatorView+AnimateIsHiddenTestCase.swift */; };
		77357BD34CFF2778341F80E8 /* Pods_GradientLoadingBar_Example.framework in Frameworks */ = {isa = PBXBuildFile; fileRef = 03CD5D69D7C3FBBDBF5FABBB /* Pods_GradientLoadingBar_Example.framework */; };
		8020C040972E902A8CCAA9E7 /* Pods_GradientLoadingBar_Tests.framework in Frameworks */ = {isa = PBXBuildFile; fileRef = 434E3C8A6E245A38C2831E73 /* Pods_GradientLoadingBar_Tests.framework */; };
		972CFBCC2138849A006F14C9 /* SafeAreaExampleViewController.swift in Sources */ = {isa = PBXBuildFile; fileRef = 972CFBCB2138849A006F14C9 /* SafeAreaExampleViewController.swift */; };
		97464E6721372BCD0097183A /* AdvancedExampleViewController.swift in Sources */ = {isa = PBXBuildFile; fileRef = 97464E6621372BCD0097183A /* AdvancedExampleViewController.swift */; };
		97464E6921372C010097183A /* NavigationBarExampleViewController.swift in Sources */ = {isa = PBXBuildFile; fileRef = 97464E6821372C010097183A /* NavigationBarExampleViewController.swift */; };
		97B6F5FE2143F31F008CFEA5 /* UIColor+CustomColors.swift in Sources */ = {isa = PBXBuildFile; fileRef = 97B6F5FA2143F31F008CFEA5 /* UIColor+CustomColors.swift */; };
		97B6F5FF2143F31F008CFEA5 /* BlueFilledButton.swift in Sources */ = {isa = PBXBuildFile; fileRef = 97B6F5FC2143F31F008CFEA5 /* BlueFilledButton.swift */; };
		97B6F6002143F31F008CFEA5 /* BlueBorderedButton.swift in Sources */ = {isa = PBXBuildFile; fileRef = 97B6F5FD2143F31F008CFEA5 /* BlueBorderedButton.swift */; };
		DC190F622496A25A0069E2B0 /* NotchGradientLoadingBarControllerTestCase.swift in Sources */ = {isa = PBXBuildFile; fileRef = DC190F602496A24F0069E2B0 /* NotchGradientLoadingBarControllerTestCase.swift */; };
		DC9FF938270A470D0065B5B9 /* NotchGradientLoadingBarViewModelTestCase.swift in Sources */ = {isa = PBXBuildFile; fileRef = DC9FF937270A470D0065B5B9 /* NotchGradientLoadingBarViewModelTestCase.swift */; };
		DCE3AB13249761B300889FFA /* Snapshotting+WindowedImage.swift in Sources */ = {isa = PBXBuildFile; fileRef = DCE3AB11249761AB00889FFA /* Snapshotting+WindowedImage.swift */; };
		DCE3AB16249764BB00889FFA /* GradientLoadingBarControllerTestCase.swift in Sources */ = {isa = PBXBuildFile; fileRef = DCE3AB14249764A000889FFA /* GradientLoadingBarControllerTestCase.swift */; };
/* End PBXBuildFile section */

/* Begin PBXContainerItemProxy section */
		607FACE61AFB9204008FA782 /* PBXContainerItemProxy */ = {
			isa = PBXContainerItemProxy;
			containerPortal = 607FACC81AFB9204008FA782 /* Project object */;
			proxyType = 1;
			remoteGlobalIDString = 607FACCF1AFB9204008FA782;
			remoteInfo = GradientLoadingBar;
		};
		649A163E23770B4400404F3C /* PBXContainerItemProxy */ = {
			isa = PBXContainerItemProxy;
			containerPortal = 607FACC81AFB9204008FA782 /* Project object */;
			proxyType = 1;
			remoteGlobalIDString = 607FACCF1AFB9204008FA782;
			remoteInfo = GradientLoadingBar_Example;
		};
/* End PBXContainerItemProxy section */

/* Begin PBXFileReference section */
		03CD5D69D7C3FBBDBF5FABBB /* Pods_GradientLoadingBar_Example.framework */ = {isa = PBXFileReference; explicitFileType = wrapper.framework; includeInIndex = 0; path = Pods_GradientLoadingBar_Example.framework; sourceTree = BUILT_PRODUCTS_DIR; };
		0E24EC094BE0798D462B5F96 /* README.md */ = {isa = PBXFileReference; includeInIndex = 1; lastKnownFileType = net.daringfireball.markdown; name = README.md; path = ../README.md; sourceTree = "<group>"; };
		14959BE5652C9E83FC09BBDD /* Pods-GradientLoadingBar_Tests.release.xcconfig */ = {isa = PBXFileReference; includeInIndex = 1; lastKnownFileType = text.xcconfig; name = "Pods-GradientLoadingBar_Tests.release.xcconfig"; path = "Pods/Target Support Files/Pods-GradientLoadingBar_Tests/Pods-GradientLoadingBar_Tests.release.xcconfig"; sourceTree = "<group>"; };
		172FD3755BEBFF66683F5D81 /* Pods-GradientLoadingBar_Example.release.xcconfig */ = {isa = PBXFileReference; includeInIndex = 1; lastKnownFileType = text.xcconfig; name = "Pods-GradientLoadingBar_Example.release.xcconfig"; path = "Pods/Target Support Files/Pods-GradientLoadingBar_Example/Pods-GradientLoadingBar_Example.release.xcconfig"; sourceTree = "<group>"; };
		3DC26E6D2B0C63183F508578 /* Pods-GradientLoadingBar_Example.debug.xcconfig */ = {isa = PBXFileReference; includeInIndex = 1; lastKnownFileType = text.xcconfig; name = "Pods-GradientLoadingBar_Example.debug.xcconfig"; path = "Pods/Target Support Files/Pods-GradientLoadingBar_Example/Pods-GradientLoadingBar_Example.debug.xcconfig"; sourceTree = "<group>"; };
		434E3C8A6E245A38C2831E73 /* Pods_GradientLoadingBar_Tests.framework */ = {isa = PBXFileReference; explicitFileType = wrapper.framework; includeInIndex = 0; path = Pods_GradientLoadingBar_Tests.framework; sourceTree = BUILT_PRODUCTS_DIR; };
		607FACD01AFB9204008FA782 /* GradientLoadingBar_Example.app */ = {isa = PBXFileReference; explicitFileType = wrapper.application; includeInIndex = 0; path = GradientLoadingBar_Example.app; sourceTree = BUILT_PRODUCTS_DIR; };
		607FACD41AFB9204008FA782 /* Info.plist */ = {isa = PBXFileReference; lastKnownFileType = text.plist.xml; path = Info.plist; sourceTree = "<group>"; };
		607FACD51AFB9204008FA782 /* AppDelegate.swift */ = {isa = PBXFileReference; lastKnownFileType = sourcecode.swift; path = AppDelegate.swift; sourceTree = "<group>"; };
		607FACD71AFB9204008FA782 /* BasicExampleViewController.swift */ = {isa = PBXFileReference; lastKnownFileType = sourcecode.swift; path = BasicExampleViewController.swift; sourceTree = "<group>"; };
		607FACDA1AFB9204008FA782 /* Base */ = {isa = PBXFileReference; lastKnownFileType = file.storyboard; name = Base; path = Base.lproj/Main.storyboard; sourceTree = "<group>"; };
		607FACDF1AFB9204008FA782 /* Base */ = {isa = PBXFileReference; lastKnownFileType = file.xib; name = Base; path = Base.lproj/LaunchScreen.xib; sourceTree = "<group>"; };
		607FACE51AFB9204008FA782 /* GradientLoadingBar_Tests.xctest */ = {isa = PBXFileReference; explicitFileType = wrapper.cfbundle; includeInIndex = 0; path = GradientLoadingBar_Tests.xctest; sourceTree = BUILT_PRODUCTS_DIR; };
		607FACEA1AFB9204008FA782 /* Info.plist */ = {isa = PBXFileReference; lastKnownFileType = text.plist.xml; path = Info.plist; sourceTree = "<group>"; };
		640E8ABF231457620008C5A6 /* GradientActivityIndicatorViewModelTestCase.swift */ = {isa = PBXFileReference; lastKnownFileType = sourcecode.swift; path = GradientActivityIndicatorViewModelTestCase.swift; sourceTree = "<group>"; };
		6430C3A22338F1CA001F4A33 /* LargeNavigationBarHeaderView.swift */ = {isa = PBXFileReference; lastKnownFileType = sourcecode.swift; path = LargeNavigationBarHeaderView.swift; sourceTree = "<group>"; };
		649A163923770B4400404F3C /* GradientLoadingBar_SnapshotTests.xctest */ = {isa = PBXFileReference; explicitFileType = wrapper.cfbundle; includeInIndex = 0; path = GradientLoadingBar_SnapshotTests.xctest; sourceTree = BUILT_PRODUCTS_DIR; };
		649A163B23770B4400404F3C /* DefaultColorSnapshotTestCase.swift */ = {isa = PBXFileReference; lastKnownFileType = sourcecode.swift; path = DefaultColorSnapshotTestCase.swift; sourceTree = "<group>"; };
		649A163D23770B4400404F3C /* Info.plist */ = {isa = PBXFileReference; lastKnownFileType = text.plist.xml; path = Info.plist; sourceTree = "<group>"; };
		649A164323770E9300404F3C /* CustomColorSnapshotTestCase.swift */ = {isa = PBXFileReference; lastKnownFileType = sourcecode.swift; path = CustomColorSnapshotTestCase.swift; sourceTree = "<group>"; };
		64C596EB2351D7FF00A6CC97 /* InterfaceBuilderExampleViewController.swift */ = {isa = PBXFileReference; lastKnownFileType = sourcecode.swift; path = InterfaceBuilderExampleViewController.swift; sourceTree = "<group>"; };
		64E0F5BB2211B7D20066D00D /* GradientLoadingBarViewModelTestCase.swift */ = {isa = PBXFileReference; fileEncoding = 4; lastKnownFileType = sourcecode.swift; path = GradientLoadingBarViewModelTestCase.swift; sourceTree = "<group>"; };
		64E7F4242293E16B00BE5095 /* GradientActivityIndicatorView+AnimateIsHiddenTestCase.swift */ = {isa = PBXFileReference; fileEncoding = 4; lastKnownFileType = sourcecode.swift; path = "GradientActivityIndicatorView+AnimateIsHiddenTestCase.swift"; sourceTree = "<group>"; };
		972CFBCB2138849A006F14C9 /* SafeAreaExampleViewController.swift */ = {isa = PBXFileReference; lastKnownFileType = sourcecode.swift; path = SafeAreaExampleViewController.swift; sourceTree = "<group>"; };
		97464E6621372BCD0097183A /* AdvancedExampleViewController.swift */ = {isa = PBXFileReference; lastKnownFileType = sourcecode.swift; path = AdvancedExampleViewController.swift; sourceTree = "<group>"; };
		97464E6821372C010097183A /* NavigationBarExampleViewController.swift */ = {isa = PBXFileReference; lastKnownFileType = sourcecode.swift; path = NavigationBarExampleViewController.swift; sourceTree = "<group>"; };
		97B6F5FA2143F31F008CFEA5 /* UIColor+CustomColors.swift */ = {isa = PBXFileReference; fileEncoding = 4; lastKnownFileType = sourcecode.swift; path = "UIColor+CustomColors.swift"; sourceTree = "<group>"; };
		97B6F5FC2143F31F008CFEA5 /* BlueFilledButton.swift */ = {isa = PBXFileReference; fileEncoding = 4; lastKnownFileType = sourcecode.swift; path = BlueFilledButton.swift; sourceTree = "<group>"; };
		97B6F5FD2143F31F008CFEA5 /* BlueBorderedButton.swift */ = {isa = PBXFileReference; fileEncoding = 4; lastKnownFileType = sourcecode.swift; path = BlueBorderedButton.swift; sourceTree = "<group>"; };
		A98CA9F1B0C1BD6864C14E01 /* Pods-GradientLoadingBar_SnapshotTests.release.xcconfig */ = {isa = PBXFileReference; includeInIndex = 1; lastKnownFileType = text.xcconfig; name = "Pods-GradientLoadingBar_SnapshotTests.release.xcconfig"; path = "Pods/Target Support Files/Pods-GradientLoadingBar_SnapshotTests/Pods-GradientLoadingBar_SnapshotTests.release.xcconfig"; sourceTree = "<group>"; };
		ABA9B1EF5F3928BA6E31D3EA /* Pods_GradientLoadingBar_SnapshotTests.framework */ = {isa = PBXFileReference; explicitFileType = wrapper.framework; includeInIndex = 0; path = Pods_GradientLoadingBar_SnapshotTests.framework; sourceTree = BUILT_PRODUCTS_DIR; };
		C06CA4DFA1DCB931095ABD3D /* GradientLoadingBar.podspec */ = {isa = PBXFileReference; includeInIndex = 1; lastKnownFileType = text; name = GradientLoadingBar.podspec; path = ../GradientLoadingBar.podspec; sourceTree = "<group>"; };
		DC190F602496A24F0069E2B0 /* NotchGradientLoadingBarControllerTestCase.swift */ = {isa = PBXFileReference; lastKnownFileType = sourcecode.swift; path = NotchGradientLoadingBarControllerTestCase.swift; sourceTree = "<group>"; };
		DC9FF937270A470D0065B5B9 /* NotchGradientLoadingBarViewModelTestCase.swift */ = {isa = PBXFileReference; lastKnownFileType = sourcecode.swift; path = NotchGradientLoadingBarViewModelTestCase.swift; sourceTree = "<group>"; };
		DCE3AB11249761AB00889FFA /* Snapshotting+WindowedImage.swift */ = {isa = PBXFileReference; lastKnownFileType = sourcecode.swift; path = "Snapshotting+WindowedImage.swift"; sourceTree = "<group>"; };
		DCE3AB14249764A000889FFA /* GradientLoadingBarControllerTestCase.swift */ = {isa = PBXFileReference; lastKnownFileType = sourcecode.swift; path = GradientLoadingBarControllerTestCase.swift; sourceTree = "<group>"; };
		DCE3AB172497670400889FFA /* README.md */ = {isa = PBXFileReference; lastKnownFileType = net.daringfireball.markdown; path = README.md; sourceTree = "<group>"; };
		E7B292793F03D669ACAA92D2 /* Pods-GradientLoadingBar_SnapshotTests.debug.xcconfig */ = {isa = PBXFileReference; includeInIndex = 1; lastKnownFileType = text.xcconfig; name = "Pods-GradientLoadingBar_SnapshotTests.debug.xcconfig"; path = "Pods/Target Support Files/Pods-GradientLoadingBar_SnapshotTests/Pods-GradientLoadingBar_SnapshotTests.debug.xcconfig"; sourceTree = "<group>"; };
		F76834BE9E43CA11377EC030 /* LICENSE */ = {isa = PBXFileReference; includeInIndex = 1; lastKnownFileType = text; name = LICENSE; path = ../LICENSE; sourceTree = "<group>"; };
		FECB95A4857728345199461F /* Pods-GradientLoadingBar_Tests.debug.xcconfig */ = {isa = PBXFileReference; includeInIndex = 1; lastKnownFileType = text.xcconfig; name = "Pods-GradientLoadingBar_Tests.debug.xcconfig"; path = "Pods/Target Support Files/Pods-GradientLoadingBar_Tests/Pods-GradientLoadingBar_Tests.debug.xcconfig"; sourceTree = "<group>"; };
/* End PBXFileReference section */

/* Begin PBXFrameworksBuildPhase section */
		607FACCD1AFB9204008FA782 /* Frameworks */ = {
			isa = PBXFrameworksBuildPhase;
			buildActionMask = 2147483647;
			files = (
				77357BD34CFF2778341F80E8 /* Pods_GradientLoadingBar_Example.framework in Frameworks */,
			);
			runOnlyForDeploymentPostprocessing = 0;
		};
		607FACE21AFB9204008FA782 /* Frameworks */ = {
			isa = PBXFrameworksBuildPhase;
			buildActionMask = 2147483647;
			files = (
				8020C040972E902A8CCAA9E7 /* Pods_GradientLoadingBar_Tests.framework in Frameworks */,
			);
			runOnlyForDeploymentPostprocessing = 0;
		};
		649A163623770B4400404F3C /* Frameworks */ = {
			isa = PBXFrameworksBuildPhase;
			buildActionMask = 2147483647;
			files = (
				397E9F2412E802485B755A87 /* Pods_GradientLoadingBar_SnapshotTests.framework in Frameworks */,
			);
			runOnlyForDeploymentPostprocessing = 0;
		};
/* End PBXFrameworksBuildPhase section */

/* Begin PBXGroup section */
		607FACC71AFB9204008FA782 = {
			isa = PBXGroup;
			children = (
				607FACF51AFB993E008FA782 /* Podspec Metadata */,
				607FACD21AFB9204008FA782 /* Example for GradientLoadingBar */,
				607FACE81AFB9204008FA782 /* Tests */,
				649A163A23770B4400404F3C /* SnapshotTests */,
				607FACD11AFB9204008FA782 /* Products */,
				BFC08F9E633527E553EDA250 /* Pods */,
				DB185876CEF7C6517EB25B58 /* Frameworks */,
			);
			sourceTree = "<group>";
		};
		607FACD11AFB9204008FA782 /* Products */ = {
			isa = PBXGroup;
			children = (
				607FACD01AFB9204008FA782 /* GradientLoadingBar_Example.app */,
				607FACE51AFB9204008FA782 /* GradientLoadingBar_Tests.xctest */,
				649A163923770B4400404F3C /* GradientLoadingBar_SnapshotTests.xctest */,
			);
			name = Products;
			sourceTree = "<group>";
		};
		607FACD21AFB9204008FA782 /* Example for GradientLoadingBar */ = {
			isa = PBXGroup;
			children = (
				97B6F5F92143F31F008CFEA5 /* Extensions */,
				97B6F5FB2143F31F008CFEA5 /* Views */,
				607FACD71AFB9204008FA782 /* BasicExampleViewController.swift */,
				972CFBCB2138849A006F14C9 /* SafeAreaExampleViewController.swift */,
				64C596EB2351D7FF00A6CC97 /* InterfaceBuilderExampleViewController.swift */,
				97464E6621372BCD0097183A /* AdvancedExampleViewController.swift */,
				97464E6821372C010097183A /* NavigationBarExampleViewController.swift */,
				607FACD51AFB9204008FA782 /* AppDelegate.swift */,
				607FACD91AFB9204008FA782 /* Main.storyboard */,
				607FACDE1AFB9204008FA782 /* LaunchScreen.xib */,
				607FACD31AFB9204008FA782 /* Supporting Files */,
			);
			name = "Example for GradientLoadingBar";
			path = GradientLoadingBar;
			sourceTree = "<group>";
		};
		607FACD31AFB9204008FA782 /* Supporting Files */ = {
			isa = PBXGroup;
			children = (
				607FACD41AFB9204008FA782 /* Info.plist */,
			);
			name = "Supporting Files";
			sourceTree = "<group>";
		};
		607FACE81AFB9204008FA782 /* Tests */ = {
			isa = PBXGroup;
			children = (
				64C6B3E72313259500076A69 /* ViewModel */,
				64E7F4222293E16B00BE5095 /* Views */,
				607FACE91AFB9204008FA782 /* Supporting Files */,
			);
			path = Tests;
			sourceTree = "<group>";
		};
		607FACE91AFB9204008FA782 /* Supporting Files */ = {
			isa = PBXGroup;
			children = (
				607FACEA1AFB9204008FA782 /* Info.plist */,
			);
			name = "Supporting Files";
			sourceTree = "<group>";
		};
		607FACF51AFB993E008FA782 /* Podspec Metadata */ = {
			isa = PBXGroup;
			children = (
				C06CA4DFA1DCB931095ABD3D /* GradientLoadingBar.podspec */,
				0E24EC094BE0798D462B5F96 /* README.md */,
				F76834BE9E43CA11377EC030 /* LICENSE */,
			);
			name = "Podspec Metadata";
			sourceTree = "<group>";
		};
		649A163A23770B4400404F3C /* SnapshotTests */ = {
			isa = PBXGroup;
			children = (
				DCE3AB102497619600889FFA /* _Helper */,
				DC190F5E2496A2290069E2B0 /* GradientActivityIndicatorView */,
				DC190F5F2496A2380069E2B0 /* GradientLoadingBarController */,
				649A163D23770B4400404F3C /* Info.plist */,
				DCE3AB172497670400889FFA /* README.md */,
			);
			path = SnapshotTests;
			sourceTree = "<group>";
		};
		64C6B3E72313259500076A69 /* ViewModel */ = {
			isa = PBXGroup;
			children = (
				64E0F5BB2211B7D20066D00D /* GradientLoadingBarViewModelTestCase.swift */,
				640E8ABF231457620008C5A6 /* GradientActivityIndicatorViewModelTestCase.swift */,
				DC9FF937270A470D0065B5B9 /* NotchGradientLoadingBarViewModelTestCase.swift */,
			);
			path = ViewModel;
			sourceTree = "<group>";
		};
		64E7F4222293E16B00BE5095 /* Views */ = {
			isa = PBXGroup;
			children = (
				64E7F4242293E16B00BE5095 /* GradientActivityIndicatorView+AnimateIsHiddenTestCase.swift */,
			);
			path = Views;
			sourceTree = "<group>";
		};
		97B6F5F92143F31F008CFEA5 /* Extensions */ = {
			isa = PBXGroup;
			children = (
				97B6F5FA2143F31F008CFEA5 /* UIColor+CustomColors.swift */,
			);
			path = Extensions;
			sourceTree = "<group>";
		};
		97B6F5FB2143F31F008CFEA5 /* Views */ = {
			isa = PBXGroup;
			children = (
				97B6F5FC2143F31F008CFEA5 /* BlueFilledButton.swift */,
				97B6F5FD2143F31F008CFEA5 /* BlueBorderedButton.swift */,
				6430C3A22338F1CA001F4A33 /* LargeNavigationBarHeaderView.swift */,
			);
			path = Views;
			sourceTree = "<group>";
		};
		BFC08F9E633527E553EDA250 /* Pods */ = {
			isa = PBXGroup;
			children = (
				3DC26E6D2B0C63183F508578 /* Pods-GradientLoadingBar_Example.debug.xcconfig */,
				172FD3755BEBFF66683F5D81 /* Pods-GradientLoadingBar_Example.release.xcconfig */,
				FECB95A4857728345199461F /* Pods-GradientLoadingBar_Tests.debug.xcconfig */,
				14959BE5652C9E83FC09BBDD /* Pods-GradientLoadingBar_Tests.release.xcconfig */,
				E7B292793F03D669ACAA92D2 /* Pods-GradientLoadingBar_SnapshotTests.debug.xcconfig */,
				A98CA9F1B0C1BD6864C14E01 /* Pods-GradientLoadingBar_SnapshotTests.release.xcconfig */,
			);
			name = Pods;
			sourceTree = "<group>";
		};
		DB185876CEF7C6517EB25B58 /* Frameworks */ = {
			isa = PBXGroup;
			children = (
				03CD5D69D7C3FBBDBF5FABBB /* Pods_GradientLoadingBar_Example.framework */,
				434E3C8A6E245A38C2831E73 /* Pods_GradientLoadingBar_Tests.framework */,
				ABA9B1EF5F3928BA6E31D3EA /* Pods_GradientLoadingBar_SnapshotTests.framework */,
			);
			name = Frameworks;
			sourceTree = "<group>";
		};
		DC190F5E2496A2290069E2B0 /* GradientActivityIndicatorView */ = {
			isa = PBXGroup;
			children = (
				649A163B23770B4400404F3C /* DefaultColorSnapshotTestCase.swift */,
				649A164323770E9300404F3C /* CustomColorSnapshotTestCase.swift */,
			);
			path = GradientActivityIndicatorView;
			sourceTree = "<group>";
		};
		DC190F5F2496A2380069E2B0 /* GradientLoadingBarController */ = {
			isa = PBXGroup;
			children = (
				DCE3AB14249764A000889FFA /* GradientLoadingBarControllerTestCase.swift */,
				DC190F602496A24F0069E2B0 /* NotchGradientLoadingBarControllerTestCase.swift */,
			);
			path = GradientLoadingBarController;
			sourceTree = "<group>";
		};
		DCE3AB102497619600889FFA /* _Helper */ = {
			isa = PBXGroup;
			children = (
				DCE3AB11249761AB00889FFA /* Snapshotting+WindowedImage.swift */,
			);
			path = _Helper;
			sourceTree = "<group>";
		};
/* End PBXGroup section */

/* Begin PBXNativeTarget section */
		607FACCF1AFB9204008FA782 /* GradientLoadingBar_Example */ = {
			isa = PBXNativeTarget;
			buildConfigurationList = 607FACEF1AFB9204008FA782 /* Build configuration list for PBXNativeTarget "GradientLoadingBar_Example" */;
			buildPhases = (
				8A80B9B4778F0A3D30371790 /* [CP] Check Pods Manifest.lock */,
				607FACCC1AFB9204008FA782 /* Sources */,
				607FACCD1AFB9204008FA782 /* Frameworks */,
				607FACCE1AFB9204008FA782 /* Resources */,
				1A66A3C243446BE65EBE3AAE /* [CP] Embed Pods Frameworks */,
				972EE1C9201CA5C4001F603C /* Swiftformat */,
				9753E83D1F80F7D300EF2822 /* Swiftlint */,
			);
			buildRules = (
			);
			dependencies = (
			);
			name = GradientLoadingBar_Example;
			productName = GradientLoadingBar;
			productReference = 607FACD01AFB9204008FA782 /* GradientLoadingBar_Example.app */;
			productType = "com.apple.product-type.application";
		};
		607FACE41AFB9204008FA782 /* GradientLoadingBar_Tests */ = {
			isa = PBXNativeTarget;
			buildConfigurationList = 607FACF21AFB9204008FA782 /* Build configuration list for PBXNativeTarget "GradientLoadingBar_Tests" */;
			buildPhases = (
				04A6606B8779F59C5BA953A7 /* [CP] Check Pods Manifest.lock */,
				607FACE11AFB9204008FA782 /* Sources */,
				607FACE21AFB9204008FA782 /* Frameworks */,
				607FACE31AFB9204008FA782 /* Resources */,
			);
			buildRules = (
			);
			dependencies = (
				607FACE71AFB9204008FA782 /* PBXTargetDependency */,
			);
			name = GradientLoadingBar_Tests;
			productName = Tests;
			productReference = 607FACE51AFB9204008FA782 /* GradientLoadingBar_Tests.xctest */;
			productType = "com.apple.product-type.bundle.unit-test";
		};
		649A163823770B4400404F3C /* GradientLoadingBar_SnapshotTests */ = {
			isa = PBXNativeTarget;
			buildConfigurationList = 649A164223770B4400404F3C /* Build configuration list for PBXNativeTarget "GradientLoadingBar_SnapshotTests" */;
			buildPhases = (
				C6F0F8135CCFB10901DB76DB /* [CP] Check Pods Manifest.lock */,
				649A163523770B4400404F3C /* Sources */,
				649A163623770B4400404F3C /* Frameworks */,
				649A163723770B4400404F3C /* Resources */,
				568034A03F733A9FAEAC587B /* [CP] Embed Pods Frameworks */,
			);
			buildRules = (
			);
			dependencies = (
				649A163F23770B4400404F3C /* PBXTargetDependency */,
			);
			name = GradientLoadingBar_SnapshotTests;
			productName = SnapshotTests;
			productReference = 649A163923770B4400404F3C /* GradientLoadingBar_SnapshotTests.xctest */;
			productType = "com.apple.product-type.bundle.unit-test";
		};
/* End PBXNativeTarget section */

/* Begin PBXProject section */
		607FACC81AFB9204008FA782 /* Project object */ = {
			isa = PBXProject;
			attributes = {
				LastSwiftUpdateCheck = 1120;
				LastUpgradeCheck = 1020;
				ORGANIZATIONNAME = CocoaPods;
				TargetAttributes = {
					607FACCF1AFB9204008FA782 = {
						CreatedOnToolsVersion = 6.3.1;
						LastSwiftMigration = 1020;
					};
					607FACE41AFB9204008FA782 = {
						CreatedOnToolsVersion = 6.3.1;
						LastSwiftMigration = 1020;
						TestTargetID = 607FACCF1AFB9204008FA782;
					};
					649A163823770B4400404F3C = {
						CreatedOnToolsVersion = 11.2;
						ProvisioningStyle = Automatic;
						TestTargetID = 607FACCF1AFB9204008FA782;
					};
				};
			};
			buildConfigurationList = 607FACCB1AFB9204008FA782 /* Build configuration list for PBXProject "GradientLoadingBar" */;
			compatibilityVersion = "Xcode 3.2";
			developmentRegion = en;
			hasScannedForEncodings = 0;
			knownRegions = (
				en,
				Base,
			);
			mainGroup = 607FACC71AFB9204008FA782;
			productRefGroup = 607FACD11AFB9204008FA782 /* Products */;
			projectDirPath = "";
			projectRoot = "";
			targets = (
				607FACCF1AFB9204008FA782 /* GradientLoadingBar_Example */,
				607FACE41AFB9204008FA782 /* GradientLoadingBar_Tests */,
				649A163823770B4400404F3C /* GradientLoadingBar_SnapshotTests */,
			);
		};
/* End PBXProject section */

/* Begin PBXResourcesBuildPhase section */
		607FACCE1AFB9204008FA782 /* Resources */ = {
			isa = PBXResourcesBuildPhase;
			buildActionMask = 2147483647;
			files = (
				607FACDB1AFB9204008FA782 /* Main.storyboard in Resources */,
				607FACE01AFB9204008FA782 /* LaunchScreen.xib in Resources */,
			);
			runOnlyForDeploymentPostprocessing = 0;
		};
		607FACE31AFB9204008FA782 /* Resources */ = {
			isa = PBXResourcesBuildPhase;
			buildActionMask = 2147483647;
			files = (
			);
			runOnlyForDeploymentPostprocessing = 0;
		};
		649A163723770B4400404F3C /* Resources */ = {
			isa = PBXResourcesBuildPhase;
			buildActionMask = 2147483647;
			files = (
			);
			runOnlyForDeploymentPostprocessing = 0;
		};
/* End PBXResourcesBuildPhase section */

/* Begin PBXShellScriptBuildPhase section */
		04A6606B8779F59C5BA953A7 /* [CP] Check Pods Manifest.lock */ = {
			isa = PBXShellScriptBuildPhase;
			buildActionMask = 2147483647;
			files = (
			);
			inputPaths = (
				"${PODS_PODFILE_DIR_PATH}/Podfile.lock",
				"${PODS_ROOT}/Manifest.lock",
			);
			name = "[CP] Check Pods Manifest.lock";
			outputPaths = (
				"$(DERIVED_FILE_DIR)/Pods-GradientLoadingBar_Tests-checkManifestLockResult.txt",
			);
			runOnlyForDeploymentPostprocessing = 0;
			shellPath = /bin/sh;
			shellScript = "diff \"${PODS_PODFILE_DIR_PATH}/Podfile.lock\" \"${PODS_ROOT}/Manifest.lock\" > /dev/null\nif [ $? != 0 ] ; then\n    # print error to STDERR\n    echo \"error: The sandbox is not in sync with the Podfile.lock. Run 'pod install' or update your CocoaPods installation.\" >&2\n    exit 1\nfi\n# This output is used by Xcode 'outputs' to avoid re-running this script phase.\necho \"SUCCESS\" > \"${SCRIPT_OUTPUT_FILE_0}\"\n";
			showEnvVarsInLog = 0;
		};
		1A66A3C243446BE65EBE3AAE /* [CP] Embed Pods Frameworks */ = {
			isa = PBXShellScriptBuildPhase;
			buildActionMask = 2147483647;
			files = (
			);
			inputPaths = (
				"${PODS_ROOT}/Target Support Files/Pods-GradientLoadingBar_Example/Pods-GradientLoadingBar_Example-frameworks.sh",
				"${BUILT_PRODUCTS_DIR}/GradientLoadingBar/GradientLoadingBar.framework",
				"${BUILT_PRODUCTS_DIR}/LightweightObservable/LightweightObservable.framework",
			);
			name = "[CP] Embed Pods Frameworks";
			outputPaths = (
				"${TARGET_BUILD_DIR}/${FRAMEWORKS_FOLDER_PATH}/GradientLoadingBar.framework",
				"${TARGET_BUILD_DIR}/${FRAMEWORKS_FOLDER_PATH}/LightweightObservable.framework",
			);
			runOnlyForDeploymentPostprocessing = 0;
			shellPath = /bin/sh;
			shellScript = "\"${PODS_ROOT}/Target Support Files/Pods-GradientLoadingBar_Example/Pods-GradientLoadingBar_Example-frameworks.sh\"\n";
			showEnvVarsInLog = 0;
		};
		568034A03F733A9FAEAC587B /* [CP] Embed Pods Frameworks */ = {
			isa = PBXShellScriptBuildPhase;
			buildActionMask = 2147483647;
			files = (
			);
			inputPaths = (
				"${PODS_ROOT}/Target Support Files/Pods-GradientLoadingBar_SnapshotTests/Pods-GradientLoadingBar_SnapshotTests-frameworks.sh",
				"${BUILT_PRODUCTS_DIR}/SnapshotTesting/SnapshotTesting.framework",
			);
			name = "[CP] Embed Pods Frameworks";
			outputPaths = (
				"${TARGET_BUILD_DIR}/${FRAMEWORKS_FOLDER_PATH}/SnapshotTesting.framework",
			);
			runOnlyForDeploymentPostprocessing = 0;
			shellPath = /bin/sh;
			shellScript = "\"${PODS_ROOT}/Target Support Files/Pods-GradientLoadingBar_SnapshotTests/Pods-GradientLoadingBar_SnapshotTests-frameworks.sh\"\n";
			showEnvVarsInLog = 0;
		};
		8A80B9B4778F0A3D30371790 /* [CP] Check Pods Manifest.lock */ = {
			isa = PBXShellScriptBuildPhase;
			buildActionMask = 2147483647;
			files = (
			);
			inputPaths = (
				"${PODS_PODFILE_DIR_PATH}/Podfile.lock",
				"${PODS_ROOT}/Manifest.lock",
			);
			name = "[CP] Check Pods Manifest.lock";
			outputPaths = (
				"$(DERIVED_FILE_DIR)/Pods-GradientLoadingBar_Example-checkManifestLockResult.txt",
			);
			runOnlyForDeploymentPostprocessing = 0;
			shellPath = /bin/sh;
			shellScript = "diff \"${PODS_PODFILE_DIR_PATH}/Podfile.lock\" \"${PODS_ROOT}/Manifest.lock\" > /dev/null\nif [ $? != 0 ] ; then\n    # print error to STDERR\n    echo \"error: The sandbox is not in sync with the Podfile.lock. Run 'pod install' or update your CocoaPods installation.\" >&2\n    exit 1\nfi\n# This output is used by Xcode 'outputs' to avoid re-running this script phase.\necho \"SUCCESS\" > \"${SCRIPT_OUTPUT_FILE_0}\"\n";
			showEnvVarsInLog = 0;
		};
		972EE1C9201CA5C4001F603C /* Swiftformat */ = {
			isa = PBXShellScriptBuildPhase;
			buildActionMask = 2147483647;
			files = (
			);
			inputPaths = (
			);
			name = Swiftformat;
			outputPaths = (
			);
			runOnlyForDeploymentPostprocessing = 0;
			shellPath = /bin/sh;
			shellScript = "SWIFTFORMAT=\"${PODS_ROOT}/SwiftFormat/CommandLineTool/swiftformat\"\nif [ ! -f \"$SWIFTFORMAT\" ]; then\n    echo \"warning: SwiftFormat not installed!\"\n    exit 1\nfi\n\n$SWIFTFORMAT ../ --config \"${PODS_ROOT}/SwiftConfigurationFiles/.swiftformat\"\n";
		};
		9753E83D1F80F7D300EF2822 /* Swiftlint */ = {
			isa = PBXShellScriptBuildPhase;
			buildActionMask = 2147483647;
			files = (
			);
			inputPaths = (
			);
			name = Swiftlint;
			outputPaths = (
			);
			runOnlyForDeploymentPostprocessing = 0;
			shellPath = /bin/sh;
			shellScript = "SWIFTLINT=\"${PODS_ROOT}/SwiftLint/swiftlint\"\nif [ ! -f \"$SWIFTLINT\" ]; then\n    echo \"warning: SwiftLint not installed!\"\n    exit 1\nfi\n\n$SWIFTLINT\n";
		};
		C6F0F8135CCFB10901DB76DB /* [CP] Check Pods Manifest.lock */ = {
			isa = PBXShellScriptBuildPhase;
			buildActionMask = 2147483647;
			files = (
			);
			inputFileListPaths = (
			);
			inputPaths = (
				"${PODS_PODFILE_DIR_PATH}/Podfile.lock",
				"${PODS_ROOT}/Manifest.lock",
			);
			name = "[CP] Check Pods Manifest.lock";
			outputFileListPaths = (
			);
			outputPaths = (
				"$(DERIVED_FILE_DIR)/Pods-GradientLoadingBar_SnapshotTests-checkManifestLockResult.txt",
			);
			runOnlyForDeploymentPostprocessing = 0;
			shellPath = /bin/sh;
			shellScript = "diff \"${PODS_PODFILE_DIR_PATH}/Podfile.lock\" \"${PODS_ROOT}/Manifest.lock\" > /dev/null\nif [ $? != 0 ] ; then\n    # print error to STDERR\n    echo \"error: The sandbox is not in sync with the Podfile.lock. Run 'pod install' or update your CocoaPods installation.\" >&2\n    exit 1\nfi\n# This output is used by Xcode 'outputs' to avoid re-running this script phase.\necho \"SUCCESS\" > \"${SCRIPT_OUTPUT_FILE_0}\"\n";
			showEnvVarsInLog = 0;
		};
/* End PBXShellScriptBuildPhase section */

/* Begin PBXSourcesBuildPhase section */
		607FACCC1AFB9204008FA782 /* Sources */ = {
			isa = PBXSourcesBuildPhase;
			buildActionMask = 2147483647;
			files = (
				607FACD81AFB9204008FA782 /* BasicExampleViewController.swift in Sources */,
				64C596EC2351D80000A6CC97 /* InterfaceBuilderExampleViewController.swift in Sources */,
				972CFBCC2138849A006F14C9 /* SafeAreaExampleViewController.swift in Sources */,
				97464E6721372BCD0097183A /* AdvancedExampleViewController.swift in Sources */,
				6430C3A32338F1CA001F4A33 /* LargeNavigationBarHeaderView.swift in Sources */,
				607FACD61AFB9204008FA782 /* AppDelegate.swift in Sources */,
				97B6F5FF2143F31F008CFEA5 /* BlueFilledButton.swift in Sources */,
				97B6F5FE2143F31F008CFEA5 /* UIColor+CustomColors.swift in Sources */,
				97B6F6002143F31F008CFEA5 /* BlueBorderedButton.swift in Sources */,
				97464E6921372C010097183A /* NavigationBarExampleViewController.swift in Sources */,
			);
			runOnlyForDeploymentPostprocessing = 0;
		};
		607FACE11AFB9204008FA782 /* Sources */ = {
			isa = PBXSourcesBuildPhase;
			buildActionMask = 2147483647;
			files = (
				640E8AC0231457620008C5A6 /* GradientActivityIndicatorViewModelTestCase.swift in Sources */,
				64E0F5BF2211B7D20066D00D /* GradientLoadingBarViewModelTestCase.swift in Sources */,
				DC9FF938270A470D0065B5B9 /* NotchGradientLoadingBarViewModelTestCase.swift in Sources */,
				64E7F4252293E16B00BE5095 /* GradientActivityIndicatorView+AnimateIsHiddenTestCase.swift in Sources */,
			);
			runOnlyForDeploymentPostprocessing = 0;
		};
		649A163523770B4400404F3C /* Sources */ = {
			isa = PBXSourcesBuildPhase;
			buildActionMask = 2147483647;
			files = (
				DCE3AB13249761B300889FFA /* Snapshotting+WindowedImage.swift in Sources */,
				DC190F622496A25A0069E2B0 /* NotchGradientLoadingBarControllerTestCase.swift in Sources */,
				DCE3AB16249764BB00889FFA /* GradientLoadingBarControllerTestCase.swift in Sources */,
				649A164423770E9300404F3C /* CustomColorSnapshotTestCase.swift in Sources */,
				649A163C23770B4400404F3C /* DefaultColorSnapshotTestCase.swift in Sources */,
			);
			runOnlyForDeploymentPostprocessing = 0;
		};
/* End PBXSourcesBuildPhase section */

/* Begin PBXTargetDependency section */
		607FACE71AFB9204008FA782 /* PBXTargetDependency */ = {
			isa = PBXTargetDependency;
			target = 607FACCF1AFB9204008FA782 /* GradientLoadingBar_Example */;
			targetProxy = 607FACE61AFB9204008FA782 /* PBXContainerItemProxy */;
		};
		649A163F23770B4400404F3C /* PBXTargetDependency */ = {
			isa = PBXTargetDependency;
			target = 607FACCF1AFB9204008FA782 /* GradientLoadingBar_Example */;
			targetProxy = 649A163E23770B4400404F3C /* PBXContainerItemProxy */;
		};
/* End PBXTargetDependency section */

/* Begin PBXVariantGroup section */
		607FACD91AFB9204008FA782 /* Main.storyboard */ = {
			isa = PBXVariantGroup;
			children = (
				607FACDA1AFB9204008FA782 /* Base */,
			);
			name = Main.storyboard;
			sourceTree = "<group>";
		};
		607FACDE1AFB9204008FA782 /* LaunchScreen.xib */ = {
			isa = PBXVariantGroup;
			children = (
				607FACDF1AFB9204008FA782 /* Base */,
			);
			name = LaunchScreen.xib;
			sourceTree = "<group>";
		};
/* End PBXVariantGroup section */

/* Begin XCBuildConfiguration section */
		607FACED1AFB9204008FA782 /* Debug */ = {
			isa = XCBuildConfiguration;
			buildSettings = {
				ALWAYS_SEARCH_USER_PATHS = NO;
				CLANG_ANALYZER_LOCALIZABILITY_NONLOCALIZED = YES;
				CLANG_CXX_LANGUAGE_STANDARD = "gnu++0x";
				CLANG_CXX_LIBRARY = "libc++";
				CLANG_ENABLE_MODULES = YES;
				CLANG_ENABLE_OBJC_ARC = YES;
				CLANG_WARN_BLOCK_CAPTURE_AUTORELEASING = YES;
				CLANG_WARN_BOOL_CONVERSION = YES;
				CLANG_WARN_COMMA = YES;
				CLANG_WARN_CONSTANT_CONVERSION = YES;
				CLANG_WARN_DEPRECATED_OBJC_IMPLEMENTATIONS = YES;
				CLANG_WARN_DIRECT_OBJC_ISA_USAGE = YES_ERROR;
				CLANG_WARN_EMPTY_BODY = YES;
				CLANG_WARN_ENUM_CONVERSION = YES;
				CLANG_WARN_INFINITE_RECURSION = YES;
				CLANG_WARN_INT_CONVERSION = YES;
				CLANG_WARN_NON_LITERAL_NULL_CONVERSION = YES;
				CLANG_WARN_OBJC_IMPLICIT_RETAIN_SELF = YES;
				CLANG_WARN_OBJC_LITERAL_CONVERSION = YES;
				CLANG_WARN_OBJC_ROOT_CLASS = YES_ERROR;
				CLANG_WARN_RANGE_LOOP_ANALYSIS = YES;
				CLANG_WARN_STRICT_PROTOTYPES = YES;
				CLANG_WARN_SUSPICIOUS_MOVE = YES;
				CLANG_WARN_UNREACHABLE_CODE = YES;
				CLANG_WARN__DUPLICATE_METHOD_MATCH = YES;
				"CODE_SIGN_IDENTITY[sdk=iphoneos*]" = "iPhone Developer";
				COPY_PHASE_STRIP = NO;
				DEBUG_INFORMATION_FORMAT = "dwarf-with-dsym";
				ENABLE_STRICT_OBJC_MSGSEND = YES;
				ENABLE_TESTABILITY = YES;
				GCC_C_LANGUAGE_STANDARD = gnu99;
				GCC_DYNAMIC_NO_PIC = NO;
				GCC_NO_COMMON_BLOCKS = YES;
				GCC_OPTIMIZATION_LEVEL = 0;
				GCC_PREPROCESSOR_DEFINITIONS = (
					"DEBUG=1",
					"$(inherited)",
				);
				GCC_SYMBOLS_PRIVATE_EXTERN = NO;
				GCC_WARN_64_TO_32_BIT_CONVERSION = YES;
				GCC_WARN_ABOUT_RETURN_TYPE = YES_ERROR;
				GCC_WARN_UNDECLARED_SELECTOR = YES;
				GCC_WARN_UNINITIALIZED_AUTOS = YES_AGGRESSIVE;
				GCC_WARN_UNUSED_FUNCTION = YES;
				GCC_WARN_UNUSED_VARIABLE = YES;
				IPHONEOS_DEPLOYMENT_TARGET = 9.0;
				MTL_ENABLE_DEBUG_INFO = YES;
				ONLY_ACTIVE_ARCH = YES;
				SDKROOT = iphoneos;
				SWIFT_OPTIMIZATION_LEVEL = "-Onone";
			};
			name = Debug;
		};
		607FACEE1AFB9204008FA782 /* Release */ = {
			isa = XCBuildConfiguration;
			buildSettings = {
				ALWAYS_SEARCH_USER_PATHS = NO;
				CLANG_ANALYZER_LOCALIZABILITY_NONLOCALIZED = YES;
				CLANG_CXX_LANGUAGE_STANDARD = "gnu++0x";
				CLANG_CXX_LIBRARY = "libc++";
				CLANG_ENABLE_MODULES = YES;
				CLANG_ENABLE_OBJC_ARC = YES;
				CLANG_WARN_BLOCK_CAPTURE_AUTORELEASING = YES;
				CLANG_WARN_BOOL_CONVERSION = YES;
				CLANG_WARN_COMMA = YES;
				CLANG_WARN_CONSTANT_CONVERSION = YES;
				CLANG_WARN_DEPRECATED_OBJC_IMPLEMENTATIONS = YES;
				CLANG_WARN_DIRECT_OBJC_ISA_USAGE = YES_ERROR;
				CLANG_WARN_EMPTY_BODY = YES;
				CLANG_WARN_ENUM_CONVERSION = YES;
				CLANG_WARN_INFINITE_RECURSION = YES;
				CLANG_WARN_INT_CONVERSION = YES;
				CLANG_WARN_NON_LITERAL_NULL_CONVERSION = YES;
				CLANG_WARN_OBJC_IMPLICIT_RETAIN_SELF = YES;
				CLANG_WARN_OBJC_LITERAL_CONVERSION = YES;
				CLANG_WARN_OBJC_ROOT_CLASS = YES_ERROR;
				CLANG_WARN_RANGE_LOOP_ANALYSIS = YES;
				CLANG_WARN_STRICT_PROTOTYPES = YES;
				CLANG_WARN_SUSPICIOUS_MOVE = YES;
				CLANG_WARN_UNREACHABLE_CODE = YES;
				CLANG_WARN__DUPLICATE_METHOD_MATCH = YES;
				"CODE_SIGN_IDENTITY[sdk=iphoneos*]" = "iPhone Developer";
				COPY_PHASE_STRIP = NO;
				DEBUG_INFORMATION_FORMAT = "dwarf-with-dsym";
				ENABLE_NS_ASSERTIONS = NO;
				ENABLE_STRICT_OBJC_MSGSEND = YES;
				GCC_C_LANGUAGE_STANDARD = gnu99;
				GCC_NO_COMMON_BLOCKS = YES;
				GCC_WARN_64_TO_32_BIT_CONVERSION = YES;
				GCC_WARN_ABOUT_RETURN_TYPE = YES_ERROR;
				GCC_WARN_UNDECLARED_SELECTOR = YES;
				GCC_WARN_UNINITIALIZED_AUTOS = YES_AGGRESSIVE;
				GCC_WARN_UNUSED_FUNCTION = YES;
				GCC_WARN_UNUSED_VARIABLE = YES;
				IPHONEOS_DEPLOYMENT_TARGET = 9.0;
				MTL_ENABLE_DEBUG_INFO = NO;
				SDKROOT = iphoneos;
				SWIFT_OPTIMIZATION_LEVEL = "-Owholemodule";
				VALIDATE_PRODUCT = YES;
			};
			name = Release;
		};
		607FACF01AFB9204008FA782 /* Debug */ = {
			isa = XCBuildConfiguration;
			baseConfigurationReference = 3DC26E6D2B0C63183F508578 /* Pods-GradientLoadingBar_Example.debug.xcconfig */;
			buildSettings = {
				ASSETCATALOG_COMPILER_APPICON_NAME = AppIcon;
				INFOPLIST_FILE = GradientLoadingBar/Info.plist;
				IPHONEOS_DEPLOYMENT_TARGET = 13.0;
				LD_RUNPATH_SEARCH_PATHS = "$(inherited) @executable_path/Frameworks";
				MODULE_NAME = ExampleApp;
				PRODUCT_BUNDLE_IDENTIFIER = "org.cocoapods.demo.$(PRODUCT_NAME:rfc1034identifier)";
				PRODUCT_NAME = "$(TARGET_NAME)";
				SWIFT_VERSION = 5.0;
				TARGETED_DEVICE_FAMILY = "1,2";
			};
			name = Debug;
		};
		607FACF11AFB9204008FA782 /* Release */ = {
			isa = XCBuildConfiguration;
			baseConfigurationReference = 172FD3755BEBFF66683F5D81 /* Pods-GradientLoadingBar_Example.release.xcconfig */;
			buildSettings = {
				ASSETCATALOG_COMPILER_APPICON_NAME = AppIcon;
				INFOPLIST_FILE = GradientLoadingBar/Info.plist;
				IPHONEOS_DEPLOYMENT_TARGET = 13.0;
				LD_RUNPATH_SEARCH_PATHS = "$(inherited) @executable_path/Frameworks";
				MODULE_NAME = ExampleApp;
				PRODUCT_BUNDLE_IDENTIFIER = "org.cocoapods.demo.$(PRODUCT_NAME:rfc1034identifier)";
				PRODUCT_NAME = "$(TARGET_NAME)";
				SWIFT_VERSION = 5.0;
				TARGETED_DEVICE_FAMILY = "1,2";
			};
			name = Release;
		};
		607FACF31AFB9204008FA782 /* Debug */ = {
			isa = XCBuildConfiguration;
			baseConfigurationReference = FECB95A4857728345199461F /* Pods-GradientLoadingBar_Tests.debug.xcconfig */;
			buildSettings = {
				FRAMEWORK_SEARCH_PATHS = "$(inherited)";
				GCC_PREPROCESSOR_DEFINITIONS = (
					"DEBUG=1",
					"$(inherited)",
				);
				INFOPLIST_FILE = Tests/Info.plist;
				IPHONEOS_DEPLOYMENT_TARGET = 13.0;
				LD_RUNPATH_SEARCH_PATHS = "$(inherited) @executable_path/Frameworks @loader_path/Frameworks";
				PRODUCT_BUNDLE_IDENTIFIER = "org.cocoapods.$(PRODUCT_NAME:rfc1034identifier)";
				PRODUCT_NAME = "$(TARGET_NAME)";
				SWIFT_VERSION = 5.0;
				TEST_HOST = "$(BUILT_PRODUCTS_DIR)/GradientLoadingBar_Example.app/GradientLoadingBar_Example";
			};
			name = Debug;
		};
		607FACF41AFB9204008FA782 /* Release */ = {
			isa = XCBuildConfiguration;
			baseConfigurationReference = 14959BE5652C9E83FC09BBDD /* Pods-GradientLoadingBar_Tests.release.xcconfig */;
			buildSettings = {
				FRAMEWORK_SEARCH_PATHS = "$(inherited)";
				INFOPLIST_FILE = Tests/Info.plist;
				IPHONEOS_DEPLOYMENT_TARGET = 13.0;
				LD_RUNPATH_SEARCH_PATHS = "$(inherited) @executable_path/Frameworks @loader_path/Frameworks";
				PRODUCT_BUNDLE_IDENTIFIER = "org.cocoapods.$(PRODUCT_NAME:rfc1034identifier)";
				PRODUCT_NAME = "$(TARGET_NAME)";
				SWIFT_VERSION = 5.0;
				TEST_HOST = "$(BUILT_PRODUCTS_DIR)/GradientLoadingBar_Example.app/GradientLoadingBar_Example";
			};
			name = Release;
		};
		649A164023770B4400404F3C /* Debug */ = {
			isa = XCBuildConfiguration;
			baseConfigurationReference = E7B292793F03D669ACAA92D2 /* Pods-GradientLoadingBar_SnapshotTests.debug.xcconfig */;
			buildSettings = {
				BUNDLE_LOADER = "$(TEST_HOST)";
				CLANG_ANALYZER_NONNULL = YES;
				CLANG_ANALYZER_NUMBER_OBJECT_CONVERSION = YES_AGGRESSIVE;
				CLANG_CXX_LANGUAGE_STANDARD = "gnu++14";
				CLANG_ENABLE_OBJC_WEAK = YES;
				CLANG_WARN_DOCUMENTATION_COMMENTS = YES;
				CLANG_WARN_UNGUARDED_AVAILABILITY = YES_AGGRESSIVE;
				CODE_SIGN_STYLE = Automatic;
				DEBUG_INFORMATION_FORMAT = dwarf;
				GCC_C_LANGUAGE_STANDARD = gnu11;
				INFOPLIST_FILE = SnapshotTests/Info.plist;
				IPHONEOS_DEPLOYMENT_TARGET = 13.2;
				LD_RUNPATH_SEARCH_PATHS = "$(inherited) @executable_path/Frameworks @loader_path/Frameworks";
				MTL_ENABLE_DEBUG_INFO = INCLUDE_SOURCE;
				MTL_FAST_MATH = YES;
				PRODUCT_BUNDLE_IDENTIFIER = hamburg.felix.SnapshotTests;
				PRODUCT_NAME = "$(TARGET_NAME)";
				SWIFT_ACTIVE_COMPILATION_CONDITIONS = DEBUG;
				SWIFT_VERSION = 5.0;
				TARGETED_DEVICE_FAMILY = "1,2";
				TEST_HOST = "$(BUILT_PRODUCTS_DIR)/GradientLoadingBar_Example.app/GradientLoadingBar_Example";
			};
			name = Debug;
		};
		649A164123770B4400404F3C /* Release */ = {
			isa = XCBuildConfiguration;
			baseConfigurationReference = A98CA9F1B0C1BD6864C14E01 /* Pods-GradientLoadingBar_SnapshotTests.release.xcconfig */;
			buildSettings = {
				BUNDLE_LOADER = "$(TEST_HOST)";
				CLANG_ANALYZER_NONNULL = YES;
				CLANG_ANALYZER_NUMBER_OBJECT_CONVERSION = YES_AGGRESSIVE;
				CLANG_CXX_LANGUAGE_STANDARD = "gnu++14";
				CLANG_ENABLE_OBJC_WEAK = YES;
				CLANG_WARN_DOCUMENTATION_COMMENTS = YES;
				CLANG_WARN_UNGUARDED_AVAILABILITY = YES_AGGRESSIVE;
				CODE_SIGN_STYLE = Automatic;
				GCC_C_LANGUAGE_STANDARD = gnu11;
				INFOPLIST_FILE = SnapshotTests/Info.plist;
				IPHONEOS_DEPLOYMENT_TARGET = 13.2;
				LD_RUNPATH_SEARCH_PATHS = "$(inherited) @executable_path/Frameworks @loader_path/Frameworks";
				MTL_FAST_MATH = YES;
				PRODUCT_BUNDLE_IDENTIFIER = hamburg.felix.SnapshotTests;
				PRODUCT_NAME = "$(TARGET_NAME)";
				SWIFT_VERSION = 5.0;
				TARGETED_DEVICE_FAMILY = "1,2";
				TEST_HOST = "$(BUILT_PRODUCTS_DIR)/GradientLoadingBar_Example.app/GradientLoadingBar_Example";
			};
			name = Release;
		};
/* End XCBuildConfiguration section */

/* Begin XCConfigurationList section */
		607FACCB1AFB9204008FA782 /* Build configuration list for PBXProject "GradientLoadingBar" */ = {
			isa = XCConfigurationList;
			buildConfigurations = (
				607FACED1AFB9204008FA782 /* Debug */,
				607FACEE1AFB9204008FA782 /* Release */,
			);
			defaultConfigurationIsVisible = 0;
			defaultConfigurationName = Release;
		};
		607FACEF1AFB9204008FA782 /* Build configuration list for PBXNativeTarget "GradientLoadingBar_Example" */ = {
			isa = XCConfigurationList;
			buildConfigurations = (
				607FACF01AFB9204008FA782 /* Debug */,
				607FACF11AFB9204008FA782 /* Release */,
			);
			defaultConfigurationIsVisible = 0;
			defaultConfigurationName = Release;
		};
		607FACF21AFB9204008FA782 /* Build configuration list for PBXNativeTarget "GradientLoadingBar_Tests" */ = {
			isa = XCConfigurationList;
			buildConfigurations = (
				607FACF31AFB9204008FA782 /* Debug */,
				607FACF41AFB9204008FA782 /* Release */,
			);
			defaultConfigurationIsVisible = 0;
			defaultConfigurationName = Release;
		};
		649A164223770B4400404F3C /* Build configuration list for PBXNativeTarget "GradientLoadingBar_SnapshotTests" */ = {
			isa = XCConfigurationList;
			buildConfigurations = (
				649A164023770B4400404F3C /* Debug */,
				649A164123770B4400404F3C /* Release */,
			);
			defaultConfigurationIsVisible = 0;
			defaultConfigurationName = Release;
		};
/* End XCConfigurationList section */
	};
	rootObject = 607FACC81AFB9204008FA782 /* Project object */;
}
